// !$*UTF8*$!
{
	archiveVersion = 1;
	classes = {
	};
	objectVersion = 46;
	objects = {

/* Begin PBXBuildFile section */
		11907EE41A3E2265009E56B6 /* main.m in Sources */ = {isa = PBXBuildFile; fileRef = 11907EE31A3E2265009E56B6 /* main.m */; };
		11907EE71A3E2265009E56B6 /* AppDelegate.m in Sources */ = {isa = PBXBuildFile; fileRef = 11907EE61A3E2265009E56B6 /* AppDelegate.m */; };
		11907EEA1A3E2265009E56B6 /* ViewController.m in Sources */ = {isa = PBXBuildFile; fileRef = 11907EE91A3E2265009E56B6 /* ViewController.m */; };
		11907EED1A3E2265009E56B6 /* Main.storyboard in Resources */ = {isa = PBXBuildFile; fileRef = 11907EEB1A3E2265009E56B6 /* Main.storyboard */; };
		11907EEF1A3E2265009E56B6 /* Images.xcassets in Resources */ = {isa = PBXBuildFile; fileRef = 11907EEE1A3E2265009E56B6 /* Images.xcassets */; };
		11907EF21A3E2265009E56B6 /* LaunchScreen.xib in Resources */ = {isa = PBXBuildFile; fileRef = 11907EF01A3E2265009E56B6 /* LaunchScreen.xib */; };
		11907EFE1A3E2266009E56B6 /* Foundation_UnicodifyingDescriptionsOfObjectsDevTests.m in Sources */ = {isa = PBXBuildFile; fileRef = 11907EFD1A3E2266009E56B6 /* Foundation_UnicodifyingDescriptionsOfObjectsDevTests.m */; };
		572008C81A405D5B6511D1EE /* libPods-Foundation_UnicodifyingDescriptionsOfObjectsDevTests.a in Frameworks */ = {isa = PBXBuildFile; fileRef = 61369BFB65C07468DBDA5518 /* libPods-Foundation_UnicodifyingDescriptionsOfObjectsDevTests.a */; };
		DEBEF8524E06AA33C078231A /* libPods.a in Frameworks */ = {isa = PBXBuildFile; fileRef = A96A8893AA0E686E0F737D98 /* libPods.a */; };
/* End PBXBuildFile section */

/* Begin PBXContainerItemProxy section */
		11907EF81A3E2266009E56B6 /* PBXContainerItemProxy */ = {
			isa = PBXContainerItemProxy;
			containerPortal = 11907ED61A3E2265009E56B6 /* Project object */;
			proxyType = 1;
			remoteGlobalIDString = 11907EDD1A3E2265009E56B6;
			remoteInfo = Foundation_UnicodifyingDescriptionsOfObjectsDev;
		};
/* End PBXContainerItemProxy section */

/* Begin PBXFileReference section */
		11907EDE1A3E2265009E56B6 /* Foundation_UnicodifyingDescriptionsOfObjectsDev.app */ = {isa = PBXFileReference; explicitFileType = wrapper.application; includeInIndex = 0; path = Foundation_UnicodifyingDescriptionsOfObjectsDev.app; sourceTree = BUILT_PRODUCTS_DIR; };
		11907EE21A3E2265009E56B6 /* Info.plist */ = {isa = PBXFileReference; lastKnownFileType = text.plist.xml; path = Info.plist; sourceTree = "<group>"; };
		11907EE31A3E2265009E56B6 /* main.m */ = {isa = PBXFileReference; lastKnownFileType = sourcecode.c.objc; path = main.m; sourceTree = "<group>"; };
		11907EE51A3E2265009E56B6 /* AppDelegate.h */ = {isa = PBXFileReference; lastKnownFileType = sourcecode.c.h; path = AppDelegate.h; sourceTree = "<group>"; };
		11907EE61A3E2265009E56B6 /* AppDelegate.m */ = {isa = PBXFileReference; lastKnownFileType = sourcecode.c.objc; path = AppDelegate.m; sourceTree = "<group>"; };
		11907EE81A3E2265009E56B6 /* ViewController.h */ = {isa = PBXFileReference; lastKnownFileType = sourcecode.c.h; path = ViewController.h; sourceTree = "<group>"; };
		11907EE91A3E2265009E56B6 /* ViewController.m */ = {isa = PBXFileReference; lastKnownFileType = sourcecode.c.objc; path = ViewController.m; sourceTree = "<group>"; };
		11907EEC1A3E2265009E56B6 /* Base */ = {isa = PBXFileReference; lastKnownFileType = file.storyboard; name = Base; path = Base.lproj/Main.storyboard; sourceTree = "<group>"; };
		11907EEE1A3E2265009E56B6 /* Images.xcassets */ = {isa = PBXFileReference; lastKnownFileType = folder.assetcatalog; path = Images.xcassets; sourceTree = "<group>"; };
		11907EF11A3E2265009E56B6 /* Base */ = {isa = PBXFileReference; lastKnownFileType = file.xib; name = Base; path = Base.lproj/LaunchScreen.xib; sourceTree = "<group>"; };
		11907EF71A3E2266009E56B6 /* Foundation_UnicodifyingDescriptionsOfObjectsDevTests.xctest */ = {isa = PBXFileReference; explicitFileType = wrapper.cfbundle; includeInIndex = 0; path = Foundation_UnicodifyingDescriptionsOfObjectsDevTests.xctest; sourceTree = BUILT_PRODUCTS_DIR; };
		11907EFC1A3E2266009E56B6 /* Info.plist */ = {isa = PBXFileReference; lastKnownFileType = text.plist.xml; path = Info.plist; sourceTree = "<group>"; };
		11907EFD1A3E2266009E56B6 /* Foundation_UnicodifyingDescriptionsOfObjectsDevTests.m */ = {isa = PBXFileReference; lastKnownFileType = sourcecode.c.objc; path = Foundation_UnicodifyingDescriptionsOfObjectsDevTests.m; sourceTree = "<group>"; };
		5046EAE0DBB2B0DDAB129A2D /* Pods.release.xcconfig */ = {isa = PBXFileReference; includeInIndex = 1; lastKnownFileType = text.xcconfig; name = Pods.release.xcconfig; path = "Pods/Target Support Files/Pods/Pods.release.xcconfig"; sourceTree = "<group>"; };
		61369BFB65C07468DBDA5518 /* libPods-Foundation_UnicodifyingDescriptionsOfObjectsDevTests.a */ = {isa = PBXFileReference; explicitFileType = archive.ar; includeInIndex = 0; path = "libPods-Foundation_UnicodifyingDescriptionsOfObjectsDevTests.a"; sourceTree = BUILT_PRODUCTS_DIR; };
		6E038C960A51BCDAD1B11BE7 /* Pods.debug.xcconfig */ = {isa = PBXFileReference; includeInIndex = 1; lastKnownFileType = text.xcconfig; name = Pods.debug.xcconfig; path = "Pods/Target Support Files/Pods/Pods.debug.xcconfig"; sourceTree = "<group>"; };
		761849D8B69D7B1259FCE1FF /* Pods-Foundation_UnicodifyingDescriptionsOfObjectsDevTests.release.xcconfig */ = {isa = PBXFileReference; includeInIndex = 1; lastKnownFileType = text.xcconfig; name = "Pods-Foundation_UnicodifyingDescriptionsOfObjectsDevTests.release.xcconfig"; path = "Pods/Target Support Files/Pods-Foundation_UnicodifyingDescriptionsOfObjectsDevTests/Pods-Foundation_UnicodifyingDescriptionsOfObjectsDevTests.release.xcconfig"; sourceTree = "<group>"; };
		A96A8893AA0E686E0F737D98 /* libPods.a */ = {isa = PBXFileReference; explicitFileType = archive.ar; includeInIndex = 0; path = libPods.a; sourceTree = BUILT_PRODUCTS_DIR; };
		C0DF902235FC99CDA324F06B /* Pods-Foundation_UnicodifyingDescriptionsOfObjectsDevTests.debug.xcconfig */ = {isa = PBXFileReference; includeInIndex = 1; lastKnownFileType = text.xcconfig; name = "Pods-Foundation_UnicodifyingDescriptionsOfObjectsDevTests.debug.xcconfig"; path = "Pods/Target Support Files/Pods-Foundation_UnicodifyingDescriptionsOfObjectsDevTests/Pods-Foundation_UnicodifyingDescriptionsOfObjectsDevTests.debug.xcconfig"; sourceTree = "<group>"; };
/* End PBXFileReference section */

/* Begin PBXFrameworksBuildPhase section */
		11907EDB1A3E2265009E56B6 /* Frameworks */ = {
			isa = PBXFrameworksBuildPhase;
			buildActionMask = 2147483647;
			files = (
				DEBEF8524E06AA33C078231A /* libPods.a in Frameworks */,
			);
			runOnlyForDeploymentPostprocessing = 0;
		};
		11907EF41A3E2266009E56B6 /* Frameworks */ = {
			isa = PBXFrameworksBuildPhase;
			buildActionMask = 2147483647;
			files = (
				572008C81A405D5B6511D1EE /* libPods-Foundation_UnicodifyingDescriptionsOfObjectsDevTests.a in Frameworks */,
			);
			runOnlyForDeploymentPostprocessing = 0;
		};
/* End PBXFrameworksBuildPhase section */

/* Begin PBXGroup section */
		11907ED51A3E2265009E56B6 = {
			isa = PBXGroup;
			children = (
				11907EE01A3E2265009E56B6 /* Foundation_UnicodifyingDescriptionsOfObjectsDev */,
				11907EFA1A3E2266009E56B6 /* Foundation_UnicodifyingDescriptionsOfObjectsDevTests */,
				11907EDF1A3E2265009E56B6 /* Products */,
				CB966656E04BD275C5117522 /* Pods */,
				B0AB0AFF199EA92708B6A6FE /* Frameworks */,
			);
			sourceTree = "<group>";
		};
		11907EDF1A3E2265009E56B6 /* Products */ = {
			isa = PBXGroup;
			children = (
				11907EDE1A3E2265009E56B6 /* Foundation_UnicodifyingDescriptionsOfObjectsDev.app */,
				11907EF71A3E2266009E56B6 /* Foundation_UnicodifyingDescriptionsOfObjectsDevTests.xctest */,
			);
			name = Products;
			sourceTree = "<group>";
		};
		11907EE01A3E2265009E56B6 /* Foundation_UnicodifyingDescriptionsOfObjectsDev */ = {
			isa = PBXGroup;
			children = (
				11907EE51A3E2265009E56B6 /* AppDelegate.h */,
				11907EE61A3E2265009E56B6 /* AppDelegate.m */,
				11907EE81A3E2265009E56B6 /* ViewController.h */,
				11907EE91A3E2265009E56B6 /* ViewController.m */,
				11907EEB1A3E2265009E56B6 /* Main.storyboard */,
				11907EEE1A3E2265009E56B6 /* Images.xcassets */,
				11907EF01A3E2265009E56B6 /* LaunchScreen.xib */,
				11907EE11A3E2265009E56B6 /* Supporting Files */,
			);
			path = Foundation_UnicodifyingDescriptionsOfObjectsDev;
			sourceTree = "<group>";
		};
		11907EE11A3E2265009E56B6 /* Supporting Files */ = {
			isa = PBXGroup;
			children = (
				11907EE21A3E2265009E56B6 /* Info.plist */,
				11907EE31A3E2265009E56B6 /* main.m */,
			);
			name = "Supporting Files";
			sourceTree = "<group>";
		};
		11907EFA1A3E2266009E56B6 /* Foundation_UnicodifyingDescriptionsOfObjectsDevTests */ = {
			isa = PBXGroup;
			children = (
				11907EFD1A3E2266009E56B6 /* Foundation_UnicodifyingDescriptionsOfObjectsDevTests.m */,
				11907EFB1A3E2266009E56B6 /* Supporting Files */,
			);
			path = Foundation_UnicodifyingDescriptionsOfObjectsDevTests;
			sourceTree = "<group>";
		};
		11907EFB1A3E2266009E56B6 /* Supporting Files */ = {
			isa = PBXGroup;
			children = (
				11907EFC1A3E2266009E56B6 /* Info.plist */,
			);
			name = "Supporting Files";
			sourceTree = "<group>";
		};
		B0AB0AFF199EA92708B6A6FE /* Frameworks */ = {
			isa = PBXGroup;
			children = (
				A96A8893AA0E686E0F737D98 /* libPods.a */,
				61369BFB65C07468DBDA5518 /* libPods-Foundation_UnicodifyingDescriptionsOfObjectsDevTests.a */,
			);
			name = Frameworks;
			sourceTree = "<group>";
		};
		CB966656E04BD275C5117522 /* Pods */ = {
			isa = PBXGroup;
			children = (
				6E038C960A51BCDAD1B11BE7 /* Pods.debug.xcconfig */,
				5046EAE0DBB2B0DDAB129A2D /* Pods.release.xcconfig */,
				C0DF902235FC99CDA324F06B /* Pods-Foundation_UnicodifyingDescriptionsOfObjectsDevTests.debug.xcconfig */,
				761849D8B69D7B1259FCE1FF /* Pods-Foundation_UnicodifyingDescriptionsOfObjectsDevTests.release.xcconfig */,
			);
			name = Pods;
			sourceTree = "<group>";
		};
/* End PBXGroup section */

/* Begin PBXNativeTarget section */
		11907EDD1A3E2265009E56B6 /* Foundation_UnicodifyingDescriptionsOfObjectsDev */ = {
			isa = PBXNativeTarget;
			buildConfigurationList = 11907F011A3E2266009E56B6 /* Build configuration list for PBXNativeTarget "Foundation_UnicodifyingDescriptionsOfObjectsDev" */;
			buildPhases = (
				F382570B889DADA4FC1AECB0 /* Check Pods Manifest.lock */,
				11907EDA1A3E2265009E56B6 /* Sources */,
				11907EDB1A3E2265009E56B6 /* Frameworks */,
				11907EDC1A3E2265009E56B6 /* Resources */,
				1A89C8F2EE92B963D56166EE /* Copy Pods Resources */,
				258EDB1BD3EE619687237448 /* Embed Pods Frameworks */,
			);
			buildRules = (
			);
			dependencies = (
			);
			name = Foundation_UnicodifyingDescriptionsOfObjectsDev;
			productName = Foundation_UnicodifyingDescriptionsOfObjectsDev;
			productReference = 11907EDE1A3E2265009E56B6 /* Foundation_UnicodifyingDescriptionsOfObjectsDev.app */;
			productType = "com.apple.product-type.application";
		};
		11907EF61A3E2266009E56B6 /* Foundation_UnicodifyingDescriptionsOfObjectsDevTests */ = {
			isa = PBXNativeTarget;
			buildConfigurationList = 11907F041A3E2266009E56B6 /* Build configuration list for PBXNativeTarget "Foundation_UnicodifyingDescriptionsOfObjectsDevTests" */;
			buildPhases = (
				7498CD3FA80788587CB10B4B /* Check Pods Manifest.lock */,
				11907EF31A3E2266009E56B6 /* Sources */,
				11907EF41A3E2266009E56B6 /* Frameworks */,
				11907EF51A3E2266009E56B6 /* Resources */,
				B81AAE7446B28AAAF9340628 /* Copy Pods Resources */,
				DB08CEDFF156F368A8780AA5 /* Embed Pods Frameworks */,
			);
			buildRules = (
			);
			dependencies = (
				11907EF91A3E2266009E56B6 /* PBXTargetDependency */,
			);
			name = Foundation_UnicodifyingDescriptionsOfObjectsDevTests;
			productName = Foundation_UnicodifyingDescriptionsOfObjectsDevTests;
			productReference = 11907EF71A3E2266009E56B6 /* Foundation_UnicodifyingDescriptionsOfObjectsDevTests.xctest */;
			productType = "com.apple.product-type.bundle.unit-test";
		};
/* End PBXNativeTarget section */

/* Begin PBXProject section */
		11907ED61A3E2265009E56B6 /* Project object */ = {
			isa = PBXProject;
			attributes = {
				LastUpgradeCheck = 0610;
				ORGANIZATIONNAME = "Xaree Lee";
				TargetAttributes = {
					11907EDD1A3E2265009E56B6 = {
						CreatedOnToolsVersion = 6.1.1;
					};
					11907EF61A3E2266009E56B6 = {
						CreatedOnToolsVersion = 6.1.1;
						TestTargetID = 11907EDD1A3E2265009E56B6;
					};
				};
			};
			buildConfigurationList = 11907ED91A3E2265009E56B6 /* Build configuration list for PBXProject "Foundation_UnicodifyingDescriptionsOfObjectsDev" */;
			compatibilityVersion = "Xcode 3.2";
			developmentRegion = English;
			hasScannedForEncodings = 0;
			knownRegions = (
				en,
				Base,
			);
			mainGroup = 11907ED51A3E2265009E56B6;
			productRefGroup = 11907EDF1A3E2265009E56B6 /* Products */;
			projectDirPath = "";
			projectRoot = "";
			targets = (
				11907EDD1A3E2265009E56B6 /* Foundation_UnicodifyingDescriptionsOfObjectsDev */,
				11907EF61A3E2266009E56B6 /* Foundation_UnicodifyingDescriptionsOfObjectsDevTests */,
			);
		};
/* End PBXProject section */

/* Begin PBXResourcesBuildPhase section */
		11907EDC1A3E2265009E56B6 /* Resources */ = {
			isa = PBXResourcesBuildPhase;
			buildActionMask = 2147483647;
			files = (
				11907EED1A3E2265009E56B6 /* Main.storyboard in Resources */,
				11907EF21A3E2265009E56B6 /* LaunchScreen.xib in Resources */,
				11907EEF1A3E2265009E56B6 /* Images.xcassets in Resources */,
			);
			runOnlyForDeploymentPostprocessing = 0;
		};
		11907EF51A3E2266009E56B6 /* Resources */ = {
			isa = PBXResourcesBuildPhase;
			buildActionMask = 2147483647;
			files = (
			);
			runOnlyForDeploymentPostprocessing = 0;
		};
/* End PBXResourcesBuildPhase section */

/* Begin PBXShellScriptBuildPhase section */
		1A89C8F2EE92B963D56166EE /* Copy Pods Resources */ = {
			isa = PBXShellScriptBuildPhase;
			buildActionMask = 2147483647;
			files = (
			);
			inputPaths = (
			);
			name = "Copy Pods Resources";
			outputPaths = (
			);
			runOnlyForDeploymentPostprocessing = 0;
			shellPath = /bin/sh;
			shellScript = "\"${SRCROOT}/Pods/Target Support Files/Pods/Pods-resources.sh\"\n";
			showEnvVarsInLog = 0;
		};
		258EDB1BD3EE619687237448 /* Embed Pods Frameworks */ = {
			isa = PBXShellScriptBuildPhase;
			buildActionMask = 2147483647;
			files = (
			);
			inputPaths = (
			);
			name = "Embed Pods Frameworks";
			outputPaths = (
			);
			runOnlyForDeploymentPostprocessing = 0;
			shellPath = /bin/sh;
			shellScript = "\"${SRCROOT}/Pods/Target Support Files/Pods/Pods-frameworks.sh\"\n";
			showEnvVarsInLog = 0;
		};
		7498CD3FA80788587CB10B4B /* Check Pods Manifest.lock */ = {
			isa = PBXShellScriptBuildPhase;
			buildActionMask = 2147483647;
			files = (
			);
			inputPaths = (
			);
			name = "Check Pods Manifest.lock";
			outputPaths = (
			);
			runOnlyForDeploymentPostprocessing = 0;
			shellPath = /bin/sh;
			shellScript = "diff \"${PODS_ROOT}/../Podfile.lock\" \"${PODS_ROOT}/Manifest.lock\" > /dev/null\nif [[ $? != 0 ]] ; then\n    cat << EOM\nerror: The sandbox is not in sync with the Podfile.lock. Run 'pod install' or update your CocoaPods installation.\nEOM\n    exit 1\nfi\n";
			showEnvVarsInLog = 0;
		};
		B81AAE7446B28AAAF9340628 /* Copy Pods Resources */ = {
			isa = PBXShellScriptBuildPhase;
			buildActionMask = 2147483647;
			files = (
			);
			inputPaths = (
			);
			name = "Copy Pods Resources";
			outputPaths = (
			);
			runOnlyForDeploymentPostprocessing = 0;
			shellPath = /bin/sh;
			shellScript = "\"${SRCROOT}/Pods/Target Support Files/Pods-Foundation_UnicodifyingDescriptionsOfObjectsDevTests/Pods-Foundation_UnicodifyingDescriptionsOfObjectsDevTests-resources.sh\"\n";
			showEnvVarsInLog = 0;
		};
		DB08CEDFF156F368A8780AA5 /* Embed Pods Frameworks */ = {
			isa = PBXShellScriptBuildPhase;
			buildActionMask = 2147483647;
			files = (
			);
			inputPaths = (
			);
			name = "Embed Pods Frameworks";
			outputPaths = (
			);
			runOnlyForDeploymentPostprocessing = 0;
			shellPath = /bin/sh;
			shellScript = "\"${SRCROOT}/Pods/Target Support Files/Pods-Foundation_UnicodifyingDescriptionsOfObjectsDevTests/Pods-Foundation_UnicodifyingDescriptionsOfObjectsDevTests-frameworks.sh\"\n";
			showEnvVarsInLog = 0;
		};
		F382570B889DADA4FC1AECB0 /* Check Pods Manifest.lock */ = {
			isa = PBXShellScriptBuildPhase;
			buildActionMask = 2147483647;
			files = (
			);
			inputPaths = (
			);
			name = "Check Pods Manifest.lock";
			outputPaths = (
			);
			runOnlyForDeploymentPostprocessing = 0;
			shellPath = /bin/sh;
			shellScript = "diff \"${PODS_ROOT}/../Podfile.lock\" \"${PODS_ROOT}/Manifest.lock\" > /dev/null\nif [[ $? != 0 ]] ; then\n    cat << EOM\nerror: The sandbox is not in sync with the Podfile.lock. Run 'pod install' or update your CocoaPods installation.\nEOM\n    exit 1\nfi\n";
			showEnvVarsInLog = 0;
		};
/* End PBXShellScriptBuildPhase section */

/* Begin PBXSourcesBuildPhase section */
		11907EDA1A3E2265009E56B6 /* Sources */ = {
			isa = PBXSourcesBuildPhase;
			buildActionMask = 2147483647;
			files = (
				11907EEA1A3E2265009E56B6 /* ViewController.m in Sources */,
				11907EE71A3E2265009E56B6 /* AppDelegate.m in Sources */,
				11907EE41A3E2265009E56B6 /* main.m in Sources */,
			);
			runOnlyForDeploymentPostprocessing = 0;
		};
		11907EF31A3E2266009E56B6 /* Sources */ = {
			isa = PBXSourcesBuildPhase;
			buildActionMask = 2147483647;
			files = (
				11907EFE1A3E2266009E56B6 /* Foundation_UnicodifyingDescriptionsOfObjectsDevTests.m in Sources */,
			);
			runOnlyForDeploymentPostprocessing = 0;
		};
/* End PBXSourcesBuildPhase section */

/* Begin PBXTargetDependency section */
		11907EF91A3E2266009E56B6 /* PBXTargetDependency */ = {
			isa = PBXTargetDependency;
			target = 11907EDD1A3E2265009E56B6 /* Foundation_UnicodifyingDescriptionsOfObjectsDev */;
			targetProxy = 11907EF81A3E2266009E56B6 /* PBXContainerItemProxy */;
		};
/* End PBXTargetDependency section */

/* Begin PBXVariantGroup section */
		11907EEB1A3E2265009E56B6 /* Main.storyboard */ = {
			isa = PBXVariantGroup;
			children = (
				11907EEC1A3E2265009E56B6 /* Base */,
			);
			name = Main.storyboard;
			sourceTree = "<group>";
		};
		11907EF01A3E2265009E56B6 /* LaunchScreen.xib */ = {
			isa = PBXVariantGroup;
			children = (
				11907EF11A3E2265009E56B6 /* Base */,
			);
			name = LaunchScreen.xib;
			sourceTree = "<group>";
		};
/* End PBXVariantGroup section */

/* Begin XCBuildConfiguration section */
		11907EFF1A3E2266009E56B6 /* Debug */ = {
			isa = XCBuildConfiguration;
			buildSettings = {
				ALWAYS_SEARCH_USER_PATHS = NO;
				CLANG_CXX_LANGUAGE_STANDARD = "gnu++0x";
				CLANG_CXX_LIBRARY = "libc++";
				CLANG_ENABLE_MODULES = YES;
				CLANG_ENABLE_OBJC_ARC = YES;
				CLANG_WARN_BOOL_CONVERSION = YES;
				CLANG_WARN_CONSTANT_CONVERSION = YES;
				CLANG_WARN_DIRECT_OBJC_ISA_USAGE = YES_ERROR;
				CLANG_WARN_EMPTY_BODY = YES;
				CLANG_WARN_ENUM_CONVERSION = YES;
				CLANG_WARN_INT_CONVERSION = YES;
				CLANG_WARN_OBJC_ROOT_CLASS = YES_ERROR;
				CLANG_WARN_UNREACHABLE_CODE = YES;
				CLANG_WARN__DUPLICATE_METHOD_MATCH = YES;
				"CODE_SIGN_IDENTITY[sdk=iphoneos*]" = "iPhone Developer";
				COPY_PHASE_STRIP = NO;
				ENABLE_STRICT_OBJC_MSGSEND = YES;
				GCC_C_LANGUAGE_STANDARD = gnu99;
				GCC_DYNAMIC_NO_PIC = NO;
				GCC_OPTIMIZATION_LEVEL = 0;
				GCC_PREPROCESSOR_DEFINITIONS = (
					"DEBUG=1",
					"$(inherited)",
				);
				GCC_SYMBOLS_PRIVATE_EXTERN = NO;
				GCC_WARN_64_TO_32_BIT_CONVERSION = YES;
				GCC_WARN_ABOUT_RETURN_TYPE = YES_ERROR;
				GCC_WARN_UNDECLARED_SELECTOR = YES;
				GCC_WARN_UNINITIALIZED_AUTOS = YES_AGGRESSIVE;
				GCC_WARN_UNUSED_FUNCTION = YES;
				GCC_WARN_UNUSED_VARIABLE = YES;
				IPHONEOS_DEPLOYMENT_TARGET = 8.1;
				MTL_ENABLE_DEBUG_INFO = YES;
				ONLY_ACTIVE_ARCH = YES;
				SDKROOT = iphoneos;
			};
			name = Debug;
		};
		11907F001A3E2266009E56B6 /* Release */ = {
			isa = XCBuildConfiguration;
			buildSettings = {
				ALWAYS_SEARCH_USER_PATHS = NO;
				CLANG_CXX_LANGUAGE_STANDARD = "gnu++0x";
				CLANG_CXX_LIBRARY = "libc++";
				CLANG_ENABLE_MODULES = YES;
				CLANG_ENABLE_OBJC_ARC = YES;
				CLANG_WARN_BOOL_CONVERSION = YES;
				CLANG_WARN_CONSTANT_CONVERSION = YES;
				CLANG_WARN_DIRECT_OBJC_ISA_USAGE = YES_ERROR;
				CLANG_WARN_EMPTY_BODY = YES;
				CLANG_WARN_ENUM_CONVERSION = YES;
				CLANG_WARN_INT_CONVERSION = YES;
				CLANG_WARN_OBJC_ROOT_CLASS = YES_ERROR;
				CLANG_WARN_UNREACHABLE_CODE = YES;
				CLANG_WARN__DUPLICATE_METHOD_MATCH = YES;
				"CODE_SIGN_IDENTITY[sdk=iphoneos*]" = "iPhone Developer";
				COPY_PHASE_STRIP = YES;
				ENABLE_NS_ASSERTIONS = NO;
				ENABLE_STRICT_OBJC_MSGSEND = YES;
				GCC_C_LANGUAGE_STANDARD = gnu99;
				GCC_WARN_64_TO_32_BIT_CONVERSION = YES;
				GCC_WARN_ABOUT_RETURN_TYPE = YES_ERROR;
				GCC_WARN_UNDECLARED_SELECTOR = YES;
				GCC_WARN_UNINITIALIZED_AUTOS = YES_AGGRESSIVE;
				GCC_WARN_UNUSED_FUNCTION = YES;
				GCC_WARN_UNUSED_VARIABLE = YES;
				IPHONEOS_DEPLOYMENT_TARGET = 8.1;
				MTL_ENABLE_DEBUG_INFO = NO;
				SDKROOT = iphoneos;
				VALIDATE_PRODUCT = YES;
			};
			name = Release;
		};
		11907F021A3E2266009E56B6 /* Debug */ = {
			isa = XCBuildConfiguration;
			baseConfigurationReference = 6E038C960A51BCDAD1B11BE7 /* Pods.debug.xcconfig */;
			buildSettings = {
				ASSETCATALOG_COMPILER_APPICON_NAME = AppIcon;
				INFOPLIST_FILE = Foundation_UnicodifyingDescriptionsOfObjectsDev/Info.plist;
				IPHONEOS_DEPLOYMENT_TARGET = 6.0;
				LD_RUNPATH_SEARCH_PATHS = "$(inherited) @executable_path/Frameworks";
				PRODUCT_NAME = "$(TARGET_NAME)";
			};
			name = Debug;
		};
		11907F031A3E2266009E56B6 /* Release */ = {
			isa = XCBuildConfiguration;
			baseConfigurationReference = 5046EAE0DBB2B0DDAB129A2D /* Pods.release.xcconfig */;
			buildSettings = {
				ASSETCATALOG_COMPILER_APPICON_NAME = AppIcon;
				INFOPLIST_FILE = Foundation_UnicodifyingDescriptionsOfObjectsDev/Info.plist;
				IPHONEOS_DEPLOYMENT_TARGET = 6.0;
				LD_RUNPATH_SEARCH_PATHS = "$(inherited) @executable_path/Frameworks";
				PRODUCT_NAME = "$(TARGET_NAME)";
			};
			name = Release;
		};
		11907F051A3E2266009E56B6 /* Debug */ = {
			isa = XCBuildConfiguration;
			baseConfigurationReference = C0DF902235FC99CDA324F06B /* Pods-Foundation_UnicodifyingDescriptionsOfObjectsDevTests.debug.xcconfig */;
			buildSettings = {
				BUNDLE_LOADER = "$(TEST_HOST)";
				FRAMEWORK_SEARCH_PATHS = (
					"$(SDKROOT)/Developer/Library/Frameworks",
					"$(inherited)",
				);
				GCC_PREPROCESSOR_DEFINITIONS = (
					"DEBUG=1",
					"$(inherited)",
				);
				INFOPLIST_FILE = Foundation_UnicodifyingDescriptionsOfObjectsDevTests/Info.plist;
				LD_RUNPATH_SEARCH_PATHS = "$(inherited) @executable_path/Frameworks @loader_path/Frameworks";
				PRODUCT_NAME = "$(TARGET_NAME)";
				TEST_HOST = "$(BUILT_PRODUCTS_DIR)/Foundation_UnicodifyingDescriptionsOfObjectsDev.app/Foundation_UnicodifyingDescriptionsOfObjectsDev";
			};
			name = Debug;
		};
		11907F061A3E2266009E56B6 /* Release */ = {
			isa = XCBuildConfiguration;
			baseConfigurationReference = 761849D8B69D7B1259FCE1FF /* Pods-Foundation_UnicodifyingDescriptionsOfObjectsDevTests.release.xcconfig */;
			buildSettings = {
				BUNDLE_LOADER = "$(TEST_HOST)";
				FRAMEWORK_SEARCH_PATHS = (
					"$(SDKROOT)/Developer/Library/Frameworks",
					"$(inherited)",
				);
				INFOPLIST_FILE = Foundation_UnicodifyingDescriptionsOfObjectsDevTests/Info.plist;
				LD_RUNPATH_SEARCH_PATHS = "$(inherited) @executable_path/Frameworks @loader_path/Frameworks";
				PRODUCT_NAME = "$(TARGET_NAME)";
				TEST_HOST = "$(BUILT_PRODUCTS_DIR)/Foundation_UnicodifyingDescriptionsOfObjectsDev.app/Foundation_UnicodifyingDescriptionsOfObjectsDev";
			};
			name = Release;
		};
/* End XCBuildConfiguration section */

/* Begin XCConfigurationList section */
		11907ED91A3E2265009E56B6 /* Build configuration list for PBXProject "Foundation_UnicodifyingDescriptionsOfObjectsDev" */ = {
			isa = XCConfigurationList;
			buildConfigurations = (
				11907EFF1A3E2266009E56B6 /* Debug */,
				11907F001A3E2266009E56B6 /* Release */,
			);
			defaultConfigurationIsVisible = 0;
			defaultConfigurationName = Release;
		};
		11907F011A3E2266009E56B6 /* Build configuration list for PBXNativeTarget "Foundation_UnicodifyingDescriptionsOfObjectsDev" */ = {
			isa = XCConfigurationList;
			buildConfigurations = (
				11907F021A3E2266009E56B6 /* Debug */,
				11907F031A3E2266009E56B6 /* Release */,
			);
			defaultConfigurationIsVisible = 0;
			defaultConfigurationName = Release;
		};
		11907F041A3E2266009E56B6 /* Build configuration list for PBXNativeTarget "Foundation_UnicodifyingDescriptionsOfObjectsDevTests" */ = {
			isa = XCConfigurationList;
			buildConfigurations = (
				11907F051A3E2266009E56B6 /* Debug */,
				11907F061A3E2266009E56B6 /* Release */,
			);
			defaultConfigurationIsVisible = 0;
			defaultConfigurationName = Release;
		};
/* End XCConfigurationList section */
	};
	rootObject = 11907ED61A3E2265009E56B6 /* Project object */;
}
